
Microsoft Visual Studio Solution File, Format Version 12.00
# Visual Studio 15
VisualStudioVersion = 15.0.27130.2010
MinimumVisualStudioVersion = 10.0.40219.1
Project("{FAE04EC0-301F-11D3-BF4B-00C04F79EFBC}") = "Task_Project", "Task_Project\Task_Project.csproj", "{9A1083D3-976E-4E9B-8312-0C66E48DC8F2}"
EndProject
Global
	GlobalSection(SolutionConfigurationPlatforms) = preSolution
		Debug|Any CPU = Debug|Any CPU
		Release|Any CPU = Release|Any CPU
	EndGlobalSection
	GlobalSection(ProjectConfigurationPlatforms) = postSolution
		{9A1083D3-976E-4E9B-8312-0C66E48DC8F2}.Debug|Any CPU.ActiveCfg = Debug|Any CPU
		{9A1083D3-976E-4E9B-8312-0C66E48DC8F2}.Debug|Any CPU.Build.0 = Debug|Any CPU
		{9A1083D3-976E-4E9B-8312-0C66E48DC8F2}.Release|Any CPU.ActiveCfg = Release|Any CPU
		{9A1083D3-976E-4E9B-8312-0C66E48DC8F2}.Release|Any CPU.Build.0 = Release|Any CPU
	EndGlobalSection
	GlobalSection(SolutionProperties) = preSolution
		HideSolutionNode = FALSE
	EndGlobalSection
	GlobalSection(ExtensibilityGlobals) = postSolution
		SolutionGuid = {F12222F0-B21F-48D0-BB00-2188C2E57359}
	EndGlobalSection
EndGlobal
